
Microsoft Visual Studio Solution File, Format Version 12.00
# Visual Studio Version 17
VisualStudioVersion = 17.5.002.0
MinimumVisualStudioVersion = 10.0.40219.1
Project("{9A19103F-16F7-4668-BE54-9A1E7A4F7556}") = "CleanWorldMenu", "CleanWorldMenu\CleanWorldMenu.csproj", "{88F6A773-9ADC-49E9-9099-3CED3E3A6F65}"
EndProject
Global
	GlobalSection(SolutionConfigurationPlatforms) = preSolution
		Debug|Any CPU = Debug|Any CPU
		Release|Any CPU = Release|Any CPU
	EndGlobalSection
	GlobalSection(ProjectConfigurationPlatforms) = postSolution
		{88F6A773-9ADC-49E9-9099-3CED3E3A6F65}.Debug|Any CPU.ActiveCfg = Debug|Any CPU
		{88F6A773-9ADC-49E9-9099-3CED3E3A6F65}.Debug|Any CPU.Build.0 = Debug|Any CPU
		{88F6A773-9ADC-49E9-9099-3CED3E3A6F65}.Release|Any CPU.ActiveCfg = Release|Any CPU
		{88F6A773-9ADC-49E9-9099-3CED3E3A6F65}.Release|Any CPU.Build.0 = Release|Any CPU
	EndGlobalSection
	GlobalSection(SolutionProperties) = preSolution
		HideSolutionNode = FALSE
	EndGlobalSection
	GlobalSection(ExtensibilityGlobals) = postSolution
		SolutionGuid = {BE0C4EE6-5E57-456A-9AC7-8A7FDEE089B1}
	EndGlobalSection
EndGlobal
